{
  "originHash" : "9a9778598e997366ad649735ca7ab4a63010cd748dbe1681ab298ab92c57dd41",
  "pins" : [
    {
      "identity" : "swift-algorithms",
      "kind" : "remoteSourceControl",
      "location" : "https://github.com/apple/swift-algorithms.git",
      "state" : {
        "revision" : "87e50f483c54e6efd60e885f7f5aa946cee68023",
        "version" : "1.2.1"
      }
    },
    {
      "identity" : "swift-atomics",
      "kind" : "remoteSourceControl",
      "location" : "https://github.com/apple/swift-atomics.git",
      "state" : {
        "revision" : "cd142fd2f64be2100422d658e7411e39489da985",
        "version" : "1.2.0"
      }
    },
    {
      "identity" : "swift-collections",
      "kind" : "remoteSourceControl",
      "location" : "https://github.com/apple/swift-collections.git",
      "state" : {
        "revision" : "671108c96644956dddcd89dd59c203dcdb36cec7",
        "version" : "1.1.4"
      }
    },
    {
      "identity" : "swift-numerics",
      "kind" : "remoteSourceControl",
      "location" : "https://github.com/apple/swift-numerics",
      "state" : {
        "revision" : "e0ec0f5f3af6f3e4d5e7a19d2af26b481acb6ba8",
        "version" : "1.0.3"
      }
    },
    {
      "identity" : "swift-syntax",
      "kind" : "remoteSourceControl",
      "location" : "https://github.com/apple/swift-syntax",
      "state" : {
        "revision" : "0687f71944021d616d34d922343dcef086855920",
        "version" : "600.0.1"
      }
    },
    {
      "identity" : "swiftformatplugins",
      "kind" : "remoteSourceControl",
      "location" : "https://github.com/StarLard/SwiftFormatPlugins.git",
      "state" : {
        "revision" : "8b7fe1b899d82e1abbe4a88d7593645e06669467",
        "version" : "1.1.1"
      }
    },
    {
      "identity" : "uritemplate",
      "kind" : "remoteSourceControl",
      "location" : "https://github.com/SwiftScream/URITemplate.git",
      "state" : {
        "revision" : "d2534924795d1bbd75819ca21abfcd5daefdcaca",
        "version" : "5.0.1"
      }
    }
  ],
  "version" : 3
}
