{
  "originHash" : "8d3e2c5dec0e1c5589416ccf717f7e4ee96a6bf194dff176870708529e9ab64a",
  "pins" : [
    {
      "identity" : "antlr4",
      "kind" : "remoteSourceControl",
      "location" : "https://github.com/antlr/antlr4.git",
      "state" : {
        "revision" : "cc82115a4e7f53d71d9d905caa2c2dfa4da58899",
        "version" : "4.13.2"
      }
    },
    {
      "identity" : "bigdecimal",
      "kind" : "remoteSourceControl",
      "location" : "https://github.com/mgriebling/BigDecimal.git",
      "state" : {
        "revision" : "4414e0e82bb859cf5a2883f9401e7d7cb030f5b1",
        "version" : "3.0.2"
      }
    },
    {
      "identity" : "bigint",
      "kind" : "remoteSourceControl",
      "location" : "https://github.com/mgriebling/BigInt.git",
      "state" : {
        "revision" : "f4c0c41dd681b2c3d770b9a83cb5e0e3e30ee708",
        "version" : "2.3.0"
      }
    },
    {
      "identity" : "swift-atomics",
      "kind" : "remoteSourceControl",
      "location" : "https://github.com/apple/swift-atomics.git",
      "state" : {
        "revision" : "cd142fd2f64be2100422d658e7411e39489da985",
        "version" : "1.2.0"
      }
    },
    {
      "identity" : "swift-collections",
      "kind" : "remoteSourceControl",
      "location" : "https://github.com/apple/swift-collections.git",
      "state" : {
        "revision" : "671108c96644956dddcd89dd59c203dcdb36cec7",
        "version" : "1.1.4"
      }
    },
    {
      "identity" : "swift-numerics",
      "kind" : "remoteSourceControl",
      "location" : "https://github.com/apple/swift-numerics",
      "state" : {
        "revision" : "e0ec0f5f3af6f3e4d5e7a19d2af26b481acb6ba8",
        "version" : "1.0.3"
      }
    },
    {
      "identity" : "swift-syntax",
      "kind" : "remoteSourceControl",
      "location" : "https://github.com/apple/swift-syntax",
      "state" : {
        "revision" : "0687f71944021d616d34d922343dcef086855920",
        "version" : "600.0.1"
      }
    },
    {
      "identity" : "uint128",
      "kind" : "remoteSourceControl",
      "location" : "https://github.com/mgriebling/UInt128.git",
      "state" : {
        "revision" : "f32052e906fd125936fef2d16e3ad284d50d68ed",
        "version" : "3.2.0"
      }
    },
    {
      "identity" : "uritemplate",
      "kind" : "remoteSourceControl",
      "location" : "https://github.com/SwiftScream/URITemplate.git",
      "state" : {
        "revision" : "d2534924795d1bbd75819ca21abfcd5daefdcaca",
        "version" : "5.0.1"
      }
    }
  ],
  "version" : 3
}
